
Microsoft Visual Studio Solution File, Format Version 12.00
# Visual Studio Version 17
VisualStudioVersion = 17.8.34316.72
MinimumVisualStudioVersion = 10.0.40219.1
Project("{9A19103F-16F7-4668-BE54-9A1E7A4F7556}") = "CryptoTop.App", "CryptoTop\CryptoTop.App.csproj", "{0A1BB8E9-6A6C-4DCB-BE54-C165667F3979}"
EndProject
Project("{FAE04EC0-301F-11D3-BF4B-00C04F79EFBC}") = "CryptoTop.Api.Web", "CryptoTop.Api.Web\CryptoTop.Api.Web.csproj", "{1FAAC48E-0A83-4A41-A4B7-CA13EBA626D6}"
EndProject
Project("{E53339B2-1760-4266-BCC7-CA923CBCF16C}") = "docker-compose", "docker-compose.dcproj", "{7FD75BBA-CD0C-4B37-975E-559DE12AD50C}"
EndProject
Project("{FAE04EC0-301F-11D3-BF4B-00C04F79EFBC}") = "CryptoTop.Entities", "CryptoTop.Entities\CryptoTop.Entities.csproj", "{5F13A5C2-2133-4D8F-A20C-A905B36CCCAF}"
EndProject
Global
	GlobalSection(SolutionConfigurationPlatforms) = preSolution
		Debug|Any CPU = Debug|Any CPU
		Release|Any CPU = Release|Any CPU
	EndGlobalSection
	GlobalSection(ProjectConfigurationPlatforms) = postSolution
		{0A1BB8E9-6A6C-4DCB-BE54-C165667F3979}.Debug|Any CPU.ActiveCfg = Debug|Any CPU
		{0A1BB8E9-6A6C-4DCB-BE54-C165667F3979}.Debug|Any CPU.Build.0 = Debug|Any CPU
		{0A1BB8E9-6A6C-4DCB-BE54-C165667F3979}.Debug|Any CPU.Deploy.0 = Debug|Any CPU
		{0A1BB8E9-6A6C-4DCB-BE54-C165667F3979}.Release|Any CPU.ActiveCfg = Release|Any CPU
		{0A1BB8E9-6A6C-4DCB-BE54-C165667F3979}.Release|Any CPU.Build.0 = Release|Any CPU
		{0A1BB8E9-6A6C-4DCB-BE54-C165667F3979}.Release|Any CPU.Deploy.0 = Release|Any CPU
		{1FAAC48E-0A83-4A41-A4B7-CA13EBA626D6}.Debug|Any CPU.ActiveCfg = Debug|Any CPU
		{1FAAC48E-0A83-4A41-A4B7-CA13EBA626D6}.Debug|Any CPU.Build.0 = Debug|Any CPU
		{1FAAC48E-0A83-4A41-A4B7-CA13EBA626D6}.Release|Any CPU.ActiveCfg = Release|Any CPU
		{1FAAC48E-0A83-4A41-A4B7-CA13EBA626D6}.Release|Any CPU.Build.0 = Release|Any CPU
		{7FD75BBA-CD0C-4B37-975E-559DE12AD50C}.Debug|Any CPU.ActiveCfg = Debug|Any CPU
		{7FD75BBA-CD0C-4B37-975E-559DE12AD50C}.Debug|Any CPU.Build.0 = Debug|Any CPU
		{7FD75BBA-CD0C-4B37-975E-559DE12AD50C}.Release|Any CPU.ActiveCfg = Release|Any CPU
		{7FD75BBA-CD0C-4B37-975E-559DE12AD50C}.Release|Any CPU.Build.0 = Release|Any CPU
		{5F13A5C2-2133-4D8F-A20C-A905B36CCCAF}.Debug|Any CPU.ActiveCfg = Debug|Any CPU
		{5F13A5C2-2133-4D8F-A20C-A905B36CCCAF}.Debug|Any CPU.Build.0 = Debug|Any CPU
		{5F13A5C2-2133-4D8F-A20C-A905B36CCCAF}.Release|Any CPU.ActiveCfg = Release|Any CPU
		{5F13A5C2-2133-4D8F-A20C-A905B36CCCAF}.Release|Any CPU.Build.0 = Release|Any CPU
	EndGlobalSection
	GlobalSection(SolutionProperties) = preSolution
		HideSolutionNode = FALSE
	EndGlobalSection
	GlobalSection(ExtensibilityGlobals) = postSolution
		SolutionGuid = {BDE34C33-EA2F-43BF-8B6E-2994B257EC79}
	EndGlobalSection
EndGlobal
